
Microsoft Visual Studio Solution File, Format Version 12.00
# Visual Studio 15
VisualStudioVersion = 15.0.28307.489
MinimumVisualStudioVersion = 10.0.40219.1
Project("{FAE04EC0-301F-11D3-BF4B-00C04F79EFBC}") = "SongsOrganizer-WinForms", "SongsOrganizer-WinForms\SongsOrganizer-WinForms.csproj", "{EA37872C-CE19-400C-AF97-B9BE59D658AF}"
EndProject
Project("{FAE04EC0-301F-11D3-BF4B-00C04F79EFBC}") = "INIFilesReader", "INIFilesReader\INIFilesReader.csproj", "{45AD1ADD-BECB-4E16-A269-1840A382E898}"
EndProject
Global
	GlobalSection(SolutionConfigurationPlatforms) = preSolution
		Debug|Any CPU = Debug|Any CPU
		Release|Any CPU = Release|Any CPU
	EndGlobalSection
	GlobalSection(ProjectConfigurationPlatforms) = postSolution
		{EA37872C-CE19-400C-AF97-B9BE59D658AF}.Debug|Any CPU.ActiveCfg = Debug|Any CPU
		{EA37872C-CE19-400C-AF97-B9BE59D658AF}.Debug|Any CPU.Build.0 = Debug|Any CPU
		{EA37872C-CE19-400C-AF97-B9BE59D658AF}.Release|Any CPU.ActiveCfg = Release|Any CPU
		{EA37872C-CE19-400C-AF97-B9BE59D658AF}.Release|Any CPU.Build.0 = Release|Any CPU
		{45AD1ADD-BECB-4E16-A269-1840A382E898}.Debug|Any CPU.ActiveCfg = Debug|Any CPU
		{45AD1ADD-BECB-4E16-A269-1840A382E898}.Debug|Any CPU.Build.0 = Debug|Any CPU
		{45AD1ADD-BECB-4E16-A269-1840A382E898}.Release|Any CPU.ActiveCfg = Release|Any CPU
		{45AD1ADD-BECB-4E16-A269-1840A382E898}.Release|Any CPU.Build.0 = Release|Any CPU
	EndGlobalSection
	GlobalSection(SolutionProperties) = preSolution
		HideSolutionNode = FALSE
	EndGlobalSection
	GlobalSection(ExtensibilityGlobals) = postSolution
		SolutionGuid = {0C8724CD-BED3-48C9-9977-2A115D09E812}
	EndGlobalSection
EndGlobal
